
Microsoft Visual Studio Solution File, Format Version 12.00
# Visual Studio Version 17
VisualStudioVersion = 17.8.35230.98
MinimumVisualStudioVersion = 10.0.40219.1
Project("{9A19103F-16F7-4668-BE54-9A1E7A4F7556}") = "VitalSync.PatientService.Domain", "VitalSync.PatientService.Domain\VitalSync.PatientService.Domain.csproj", "{2E063667-6F39-4DF0-9598-7D73405DD219}"
EndProject
Project("{9A19103F-16F7-4668-BE54-9A1E7A4F7556}") = "VitalSync.PatientService.Application", "VitalSync.PatientService.Application\VitalSync.PatientService.Application.csproj", "{2C8892E4-F4DF-4309-BD15-9C22BB56EF85}"
EndProject
Project("{9A19103F-16F7-4668-BE54-9A1E7A4F7556}") = "VitalSync.PatientService.Infrastructure", "VitalSync.PatientService.Infrastructure\VitalSync.PatientService.Infrastructure.csproj", "{A5587B5F-7B76-460D-A608-B608AE59DFFF}"
EndProject
Project("{9A19103F-16F7-4668-BE54-9A1E7A4F7556}") = "VitalSync.PatientService.Api", "VitalSync.PatientService.Api\VitalSync.PatientService.Api.csproj", "{B29410F2-8BAB-4A9A-9749-56712C5A95FA}"
EndProject
Project("{FAE04EC0-301F-11D3-BF4B-00C04F79EFBC}") = "VitalSync.VitalsService", "VitalSync.VitalsService\VitalSync.VitalsService.csproj", "{CE68433E-FB80-402E-ACED-48A87E0C10BA}"
EndProject
Project("{FAE04EC0-301F-11D3-BF4B-00C04F79EFBC}") = "VitalSync.DoctorService.Api", "VitalSync.DoctorService.Api\VitalSync.DoctorService.Api.csproj", "{16C47A74-D0C1-4C0E-AF39-5E34A201F35F}"
EndProject
Project("{FAE04EC0-301F-11D3-BF4B-00C04F79EFBC}") = "VitalSync.DoctorService.Application", "VitalSync.DoctorService.Application\VitalSync.DoctorService.Application.csproj", "{FB76C66D-CD8F-4289-8A3A-805F3033E17A}"
EndProject
Project("{FAE04EC0-301F-11D3-BF4B-00C04F79EFBC}") = "VitalSync.DoctorService.Domain", "VitalSync.DoctorService.Domain\VitalSync.DoctorService.Domain.csproj", "{55EE1D26-FE14-4EF5-ABF3-F50A70DF7DB6}"
EndProject
Project("{FAE04EC0-301F-11D3-BF4B-00C04F79EFBC}") = "VitalSync.DoctorService.Infrastructure", "VitalSync.DoctorService.Infrastructure\VitalSync.DoctorService.Infrastructure.csproj", "{D54A15E5-8E22-42AB-AF6A-4D61D3F85406}"
EndProject
Project("{FAE04EC0-301F-11D3-BF4B-00C04F79EFBC}") = "VitalSync.LabService.Api", "VitalSync.LabService.Api\VitalSync.LabService.Api.csproj", "{C4ECC444-6F58-45D0-85AE-9753A9BB447B}"
EndProject
Project("{FAE04EC0-301F-11D3-BF4B-00C04F79EFBC}") = "VitalSync.LabService.Application", "VitalSync.LabService.Application\VitalSync.LabService.Application.csproj", "{9943551D-4A92-43D4-B017-1C5689A2B565}"
EndProject
Project("{FAE04EC0-301F-11D3-BF4B-00C04F79EFBC}") = "VitalSync.LabService.Domain", "VitalSync.LabService.Domain\VitalSync.LabService.Domain.csproj", "{2C2751AA-7BAC-40B0-BE8A-076EE313F80E}"
EndProject
Project("{FAE04EC0-301F-11D3-BF4B-00C04F79EFBC}") = "VitalSync.LabService.Infrastructure", "VitalSync.LabService.Infrastructure\VitalSync.LabService.Infrastructure.csproj", "{D8ACD681-A5C9-422D-8CE3-D31A10482005}"
EndProject
Project("{FAE04EC0-301F-11D3-BF4B-00C04F79EFBC}") = "VitalSync.Gateway", "VitalSync.Gateway\VitalSync.Gateway.csproj", "{AE1DF842-C254-4431-8F12-608C056AA14E}"
EndProject
Project("{FAE04EC0-301F-11D3-BF4B-00C04F79EFBC}") = "VitalSync.SagaOrchestrator.Domain", "VitalSync.SagaOrchestrator.Domain\VitalSync.SagaOrchestrator.Domain.csproj", "{D31C2D57-0EC0-4831-BF44-CA693CF0546E}"
EndProject
Project("{FAE04EC0-301F-11D3-BF4B-00C04F79EFBC}") = "VitalSync.SagaOrchestrator.Infrastructure", "VitalSync.SagaOrchestrator.Infrastructure\VitalSync.SagaOrchestrator.Infrastructure.csproj", "{8B855AEF-CE33-4063-9C09-75661F0195D0}"
EndProject
Project("{FAE04EC0-301F-11D3-BF4B-00C04F79EFBC}") = "VitalSync.SagaOrchestrator.Application", "VitalSync.SagaOrchestrator.Application\VitalSync.SagaOrchestrator.Application.csproj", "{9E677FBA-C163-46EA-B1E1-B0C3EA17FC35}"
EndProject
Project("{FAE04EC0-301F-11D3-BF4B-00C04F79EFBC}") = "VitalSync.SagaOrchestrator.Api", "VitalSync.SagaOrchestrator.Api\VitalSync.SagaOrchestrator.Api.csproj", "{08C87F3B-0E37-45FE-9733-3CCDDA3378F8}"
EndProject
Global
	GlobalSection(SolutionConfigurationPlatforms) = preSolution
		Debug|Any CPU = Debug|Any CPU
		Debug|x64 = Debug|x64
		Debug|x86 = Debug|x86
		Release|Any CPU = Release|Any CPU
		Release|x64 = Release|x64
		Release|x86 = Release|x86
	EndGlobalSection
	GlobalSection(ProjectConfigurationPlatforms) = postSolution
		{2E063667-6F39-4DF0-9598-7D73405DD219}.Debug|Any CPU.ActiveCfg = Debug|Any CPU
		{2E063667-6F39-4DF0-9598-7D73405DD219}.Debug|Any CPU.Build.0 = Debug|Any CPU
		{2E063667-6F39-4DF0-9598-7D73405DD219}.Debug|x64.ActiveCfg = Debug|Any CPU
		{2E063667-6F39-4DF0-9598-7D73405DD219}.Debug|x64.Build.0 = Debug|Any CPU
		{2E063667-6F39-4DF0-9598-7D73405DD219}.Debug|x86.ActiveCfg = Debug|Any CPU
		{2E063667-6F39-4DF0-9598-7D73405DD219}.Debug|x86.Build.0 = Debug|Any CPU
		{2E063667-6F39-4DF0-9598-7D73405DD219}.Release|Any CPU.ActiveCfg = Release|Any CPU
		{2E063667-6F39-4DF0-9598-7D73405DD219}.Release|Any CPU.Build.0 = Release|Any CPU
		{2E063667-6F39-4DF0-9598-7D73405DD219}.Release|x64.ActiveCfg = Release|Any CPU
		{2E063667-6F39-4DF0-9598-7D73405DD219}.Release|x64.Build.0 = Release|Any CPU
		{2E063667-6F39-4DF0-9598-7D73405DD219}.Release|x86.ActiveCfg = Release|Any CPU
		{2E063667-6F39-4DF0-9598-7D73405DD219}.Release|x86.Build.0 = Release|Any CPU
		{2C8892E4-F4DF-4309-BD15-9C22BB56EF85}.Debug|Any CPU.ActiveCfg = Debug|Any CPU
		{2C8892E4-F4DF-4309-BD15-9C22BB56EF85}.Debug|Any CPU.Build.0 = Debug|Any CPU
		{2C8892E4-F4DF-4309-BD15-9C22BB56EF85}.Debug|x64.ActiveCfg = Debug|Any CPU
		{2C8892E4-F4DF-4309-BD15-9C22BB56EF85}.Debug|x64.Build.0 = Debug|Any CPU
		{2C8892E4-F4DF-4309-BD15-9C22BB56EF85}.Debug|x86.ActiveCfg = Debug|Any CPU
		{2C8892E4-F4DF-4309-BD15-9C22BB56EF85}.Debug|x86.Build.0 = Debug|Any CPU
		{2C8892E4-F4DF-4309-BD15-9C22BB56EF85}.Release|Any CPU.ActiveCfg = Release|Any CPU
		{2C8892E4-F4DF-4309-BD15-9C22BB56EF85}.Release|Any CPU.Build.0 = Release|Any CPU
		{2C8892E4-F4DF-4309-BD15-9C22BB56EF85}.Release|x64.ActiveCfg = Release|Any CPU
		{2C8892E4-F4DF-4309-BD15-9C22BB56EF85}.Release|x64.Build.0 = Release|Any CPU
		{2C8892E4-F4DF-4309-BD15-9C22BB56EF85}.Release|x86.ActiveCfg = Release|Any CPU
		{2C8892E4-F4DF-4309-BD15-9C22BB56EF85}.Release|x86.Build.0 = Release|Any CPU
		{A5587B5F-7B76-460D-A608-B608AE59DFFF}.Debug|Any CPU.ActiveCfg = Debug|Any CPU
		{A5587B5F-7B76-460D-A608-B608AE59DFFF}.Debug|Any CPU.Build.0 = Debug|Any CPU
		{A5587B5F-7B76-460D-A608-B608AE59DFFF}.Debug|x64.ActiveCfg = Debug|Any CPU
		{A5587B5F-7B76-460D-A608-B608AE59DFFF}.Debug|x64.Build.0 = Debug|Any CPU
		{A5587B5F-7B76-460D-A608-B608AE59DFFF}.Debug|x86.ActiveCfg = Debug|Any CPU
		{A5587B5F-7B76-460D-A608-B608AE59DFFF}.Debug|x86.Build.0 = Debug|Any CPU
		{A5587B5F-7B76-460D-A608-B608AE59DFFF}.Release|Any CPU.ActiveCfg = Release|Any CPU
		{A5587B5F-7B76-460D-A608-B608AE59DFFF}.Release|Any CPU.Build.0 = Release|Any CPU
		{A5587B5F-7B76-460D-A608-B608AE59DFFF}.Release|x64.ActiveCfg = Release|Any CPU
		{A5587B5F-7B76-460D-A608-B608AE59DFFF}.Release|x64.Build.0 = Release|Any CPU
		{A5587B5F-7B76-460D-A608-B608AE59DFFF}.Release|x86.ActiveCfg = Release|Any CPU
		{A5587B5F-7B76-460D-A608-B608AE59DFFF}.Release|x86.Build.0 = Release|Any CPU
		{B29410F2-8BAB-4A9A-9749-56712C5A95FA}.Debug|Any CPU.ActiveCfg = Debug|Any CPU
		{B29410F2-8BAB-4A9A-9749-56712C5A95FA}.Debug|Any CPU.Build.0 = Debug|Any CPU
		{B29410F2-8BAB-4A9A-9749-56712C5A95FA}.Debug|x64.ActiveCfg = Debug|Any CPU
		{B29410F2-8BAB-4A9A-9749-56712C5A95FA}.Debug|x64.Build.0 = Debug|Any CPU
		{B29410F2-8BAB-4A9A-9749-56712C5A95FA}.Debug|x86.ActiveCfg = Debug|Any CPU
		{B29410F2-8BAB-4A9A-9749-56712C5A95FA}.Debug|x86.Build.0 = Debug|Any CPU
		{B29410F2-8BAB-4A9A-9749-56712C5A95FA}.Release|Any CPU.ActiveCfg = Release|Any CPU
		{B29410F2-8BAB-4A9A-9749-56712C5A95FA}.Release|Any CPU.Build.0 = Release|Any CPU
		{B29410F2-8BAB-4A9A-9749-56712C5A95FA}.Release|x64.ActiveCfg = Release|Any CPU
		{B29410F2-8BAB-4A9A-9749-56712C5A95FA}.Release|x64.Build.0 = Release|Any CPU
		{B29410F2-8BAB-4A9A-9749-56712C5A95FA}.Release|x86.ActiveCfg = Release|Any CPU
		{B29410F2-8BAB-4A9A-9749-56712C5A95FA}.Release|x86.Build.0 = Release|Any CPU
		{CE68433E-FB80-402E-ACED-48A87E0C10BA}.Debug|Any CPU.ActiveCfg = Debug|Any CPU
		{CE68433E-FB80-402E-ACED-48A87E0C10BA}.Debug|Any CPU.Build.0 = Debug|Any CPU
		{CE68433E-FB80-402E-ACED-48A87E0C10BA}.Debug|x64.ActiveCfg = Debug|Any CPU
		{CE68433E-FB80-402E-ACED-48A87E0C10BA}.Debug|x64.Build.0 = Debug|Any CPU
		{CE68433E-FB80-402E-ACED-48A87E0C10BA}.Debug|x86.ActiveCfg = Debug|Any CPU
		{CE68433E-FB80-402E-ACED-48A87E0C10BA}.Debug|x86.Build.0 = Debug|Any CPU
		{CE68433E-FB80-402E-ACED-48A87E0C10BA}.Release|Any CPU.ActiveCfg = Release|Any CPU
		{CE68433E-FB80-402E-ACED-48A87E0C10BA}.Release|Any CPU.Build.0 = Release|Any CPU
		{CE68433E-FB80-402E-ACED-48A87E0C10BA}.Release|x64.ActiveCfg = Release|Any CPU
		{CE68433E-FB80-402E-ACED-48A87E0C10BA}.Release|x64.Build.0 = Release|Any CPU
		{CE68433E-FB80-402E-ACED-48A87E0C10BA}.Release|x86.ActiveCfg = Release|Any CPU
		{CE68433E-FB80-402E-ACED-48A87E0C10BA}.Release|x86.Build.0 = Release|Any CPU
		{16C47A74-D0C1-4C0E-AF39-5E34A201F35F}.Debug|Any CPU.ActiveCfg = Debug|Any CPU
		{16C47A74-D0C1-4C0E-AF39-5E34A201F35F}.Debug|Any CPU.Build.0 = Debug|Any CPU
		{16C47A74-D0C1-4C0E-AF39-5E34A201F35F}.Debug|x64.ActiveCfg = Debug|Any CPU
		{16C47A74-D0C1-4C0E-AF39-5E34A201F35F}.Debug|x64.Build.0 = Debug|Any CPU
		{16C47A74-D0C1-4C0E-AF39-5E34A201F35F}.Debug|x86.ActiveCfg = Debug|Any CPU
		{16C47A74-D0C1-4C0E-AF39-5E34A201F35F}.Debug|x86.Build.0 = Debug|Any CPU
		{16C47A74-D0C1-4C0E-AF39-5E34A201F35F}.Release|Any CPU.ActiveCfg = Release|Any CPU
		{16C47A74-D0C1-4C0E-AF39-5E34A201F35F}.Release|Any CPU.Build.0 = Release|Any CPU
		{16C47A74-D0C1-4C0E-AF39-5E34A201F35F}.Release|x64.ActiveCfg = Release|Any CPU
		{16C47A74-D0C1-4C0E-AF39-5E34A201F35F}.Release|x64.Build.0 = Release|Any CPU
		{16C47A74-D0C1-4C0E-AF39-5E34A201F35F}.Release|x86.ActiveCfg = Release|Any CPU
		{16C47A74-D0C1-4C0E-AF39-5E34A201F35F}.Release|x86.Build.0 = Release|Any CPU
		{FB76C66D-CD8F-4289-8A3A-805F3033E17A}.Debug|Any CPU.ActiveCfg = Debug|Any CPU
		{FB76C66D-CD8F-4289-8A3A-805F3033E17A}.Debug|Any CPU.Build.0 = Debug|Any CPU
		{FB76C66D-CD8F-4289-8A3A-805F3033E17A}.Debug|x64.ActiveCfg = Debug|Any CPU
		{FB76C66D-CD8F-4289-8A3A-805F3033E17A}.Debug|x64.Build.0 = Debug|Any CPU
		{FB76C66D-CD8F-4289-8A3A-805F3033E17A}.Debug|x86.ActiveCfg = Debug|Any CPU
		{FB76C66D-CD8F-4289-8A3A-805F3033E17A}.Debug|x86.Build.0 = Debug|Any CPU
		{FB76C66D-CD8F-4289-8A3A-805F3033E17A}.Release|Any CPU.ActiveCfg = Release|Any CPU
		{FB76C66D-CD8F-4289-8A3A-805F3033E17A}.Release|Any CPU.Build.0 = Release|Any CPU
		{FB76C66D-CD8F-4289-8A3A-805F3033E17A}.Release|x64.ActiveCfg = Release|Any CPU
		{FB76C66D-CD8F-4289-8A3A-805F3033E17A}.Release|x64.Build.0 = Release|Any CPU
		{FB76C66D-CD8F-4289-8A3A-805F3033E17A}.Release|x86.ActiveCfg = Release|Any CPU
		{FB76C66D-CD8F-4289-8A3A-805F3033E17A}.Release|x86.Build.0 = Release|Any CPU
		{55EE1D26-FE14-4EF5-ABF3-F50A70DF7DB6}.Debug|Any CPU.ActiveCfg = Debug|Any CPU
		{55EE1D26-FE14-4EF5-ABF3-F50A70DF7DB6}.Debug|Any CPU.Build.0 = Debug|Any CPU
		{55EE1D26-FE14-4EF5-ABF3-F50A70DF7DB6}.Debug|x64.ActiveCfg = Debug|Any CPU
		{55EE1D26-FE14-4EF5-ABF3-F50A70DF7DB6}.Debug|x64.Build.0 = Debug|Any CPU
		{55EE1D26-FE14-4EF5-ABF3-F50A70DF7DB6}.Debug|x86.ActiveCfg = Debug|Any CPU
		{55EE1D26-FE14-4EF5-ABF3-F50A70DF7DB6}.Debug|x86.Build.0 = Debug|Any CPU
		{55EE1D26-FE14-4EF5-ABF3-F50A70DF7DB6}.Release|Any CPU.ActiveCfg = Release|Any CPU
		{55EE1D26-FE14-4EF5-ABF3-F50A70DF7DB6}.Release|Any CPU.Build.0 = Release|Any CPU
		{55EE1D26-FE14-4EF5-ABF3-F50A70DF7DB6}.Release|x64.ActiveCfg = Release|Any CPU
		{55EE1D26-FE14-4EF5-ABF3-F50A70DF7DB6}.Release|x64.Build.0 = Release|Any CPU
		{55EE1D26-FE14-4EF5-ABF3-F50A70DF7DB6}.Release|x86.ActiveCfg = Release|Any CPU
		{55EE1D26-FE14-4EF5-ABF3-F50A70DF7DB6}.Release|x86.Build.0 = Release|Any CPU
		{D54A15E5-8E22-42AB-AF6A-4D61D3F85406}.Debug|Any CPU.ActiveCfg = Debug|Any CPU
		{D54A15E5-8E22-42AB-AF6A-4D61D3F85406}.Debug|Any CPU.Build.0 = Debug|Any CPU
		{D54A15E5-8E22-42AB-AF6A-4D61D3F85406}.Debug|x64.ActiveCfg = Debug|Any CPU
		{D54A15E5-8E22-42AB-AF6A-4D61D3F85406}.Debug|x64.Build.0 = Debug|Any CPU
		{D54A15E5-8E22-42AB-AF6A-4D61D3F85406}.Debug|x86.ActiveCfg = Debug|Any CPU
		{D54A15E5-8E22-42AB-AF6A-4D61D3F85406}.Debug|x86.Build.0 = Debug|Any CPU
		{D54A15E5-8E22-42AB-AF6A-4D61D3F85406}.Release|Any CPU.ActiveCfg = Release|Any CPU
		{D54A15E5-8E22-42AB-AF6A-4D61D3F85406}.Release|Any CPU.Build.0 = Release|Any CPU
		{D54A15E5-8E22-42AB-AF6A-4D61D3F85406}.Release|x64.ActiveCfg = Release|Any CPU
		{D54A15E5-8E22-42AB-AF6A-4D61D3F85406}.Release|x64.Build.0 = Release|Any CPU
		{D54A15E5-8E22-42AB-AF6A-4D61D3F85406}.Release|x86.ActiveCfg = Release|Any CPU
		{D54A15E5-8E22-42AB-AF6A-4D61D3F85406}.Release|x86.Build.0 = Release|Any CPU
		{C4ECC444-6F58-45D0-85AE-9753A9BB447B}.Debug|Any CPU.ActiveCfg = Debug|Any CPU
		{C4ECC444-6F58-45D0-85AE-9753A9BB447B}.Debug|Any CPU.Build.0 = Debug|Any CPU
		{C4ECC444-6F58-45D0-85AE-9753A9BB447B}.Debug|x64.ActiveCfg = Debug|Any CPU
		{C4ECC444-6F58-45D0-85AE-9753A9BB447B}.Debug|x64.Build.0 = Debug|Any CPU
		{C4ECC444-6F58-45D0-85AE-9753A9BB447B}.Debug|x86.ActiveCfg = Debug|Any CPU
		{C4ECC444-6F58-45D0-85AE-9753A9BB447B}.Debug|x86.Build.0 = Debug|Any CPU
		{C4ECC444-6F58-45D0-85AE-9753A9BB447B}.Release|Any CPU.ActiveCfg = Release|Any CPU
		{C4ECC444-6F58-45D0-85AE-9753A9BB447B}.Release|Any CPU.Build.0 = Release|Any CPU
		{C4ECC444-6F58-45D0-85AE-9753A9BB447B}.Release|x64.ActiveCfg = Release|Any CPU
		{C4ECC444-6F58-45D0-85AE-9753A9BB447B}.Release|x64.Build.0 = Release|Any CPU
		{C4ECC444-6F58-45D0-85AE-9753A9BB447B}.Release|x86.ActiveCfg = Release|Any CPU
		{C4ECC444-6F58-45D0-85AE-9753A9BB447B}.Release|x86.Build.0 = Release|Any CPU
		{9943551D-4A92-43D4-B017-1C5689A2B565}.Debug|Any CPU.ActiveCfg = Debug|Any CPU
		{9943551D-4A92-43D4-B017-1C5689A2B565}.Debug|Any CPU.Build.0 = Debug|Any CPU
		{9943551D-4A92-43D4-B017-1C5689A2B565}.Debug|x64.ActiveCfg = Debug|Any CPU
		{9943551D-4A92-43D4-B017-1C5689A2B565}.Debug|x64.Build.0 = Debug|Any CPU
		{9943551D-4A92-43D4-B017-1C5689A2B565}.Debug|x86.ActiveCfg = Debug|Any CPU
		{9943551D-4A92-43D4-B017-1C5689A2B565}.Debug|x86.Build.0 = Debug|Any CPU
		{9943551D-4A92-43D4-B017-1C5689A2B565}.Release|Any CPU.ActiveCfg = Release|Any CPU
		{9943551D-4A92-43D4-B017-1C5689A2B565}.Release|Any CPU.Build.0 = Release|Any CPU
		{9943551D-4A92-43D4-B017-1C5689A2B565}.Release|x64.ActiveCfg = Release|Any CPU
		{9943551D-4A92-43D4-B017-1C5689A2B565}.Release|x64.Build.0 = Release|Any CPU
		{9943551D-4A92-43D4-B017-1C5689A2B565}.Release|x86.ActiveCfg = Release|Any CPU
		{9943551D-4A92-43D4-B017-1C5689A2B565}.Release|x86.Build.0 = Release|Any CPU
		{2C2751AA-7BAC-40B0-BE8A-076EE313F80E}.Debug|Any CPU.ActiveCfg = Debug|Any CPU
		{2C2751AA-7BAC-40B0-BE8A-076EE313F80E}.Debug|Any CPU.Build.0 = Debug|Any CPU
		{2C2751AA-7BAC-40B0-BE8A-076EE313F80E}.Debug|x64.ActiveCfg = Debug|Any CPU
		{2C2751AA-7BAC-40B0-BE8A-076EE313F80E}.Debug|x64.Build.0 = Debug|Any CPU
		{2C2751AA-7BAC-40B0-BE8A-076EE313F80E}.Debug|x86.ActiveCfg = Debug|Any CPU
		{2C2751AA-7BAC-40B0-BE8A-076EE313F80E}.Debug|x86.Build.0 = Debug|Any CPU
		{2C2751AA-7BAC-40B0-BE8A-076EE313F80E}.Release|Any CPU.ActiveCfg = Release|Any CPU
		{2C2751AA-7BAC-40B0-BE8A-076EE313F80E}.Release|Any CPU.Build.0 = Release|Any CPU
		{2C2751AA-7BAC-40B0-BE8A-076EE313F80E}.Release|x64.ActiveCfg = Release|Any CPU
		{2C2751AA-7BAC-40B0-BE8A-076EE313F80E}.Release|x64.Build.0 = Release|Any CPU
		{2C2751AA-7BAC-40B0-BE8A-076EE313F80E}.Release|x86.ActiveCfg = Release|Any CPU
		{2C2751AA-7BAC-40B0-BE8A-076EE313F80E}.Release|x86.Build.0 = Release|Any CPU
		{D8ACD681-A5C9-422D-8CE3-D31A10482005}.Debug|Any CPU.ActiveCfg = Debug|Any CPU
		{D8ACD681-A5C9-422D-8CE3-D31A10482005}.Debug|Any CPU.Build.0 = Debug|Any CPU
		{D8ACD681-A5C9-422D-8CE3-D31A10482005}.Debug|x64.ActiveCfg = Debug|Any CPU
		{D8ACD681-A5C9-422D-8CE3-D31A10482005}.Debug|x64.Build.0 = Debug|Any CPU
		{D8ACD681-A5C9-422D-8CE3-D31A10482005}.Debug|x86.ActiveCfg = Debug|Any CPU
		{D8ACD681-A5C9-422D-8CE3-D31A10482005}.Debug|x86.Build.0 = Debug|Any CPU
		{D8ACD681-A5C9-422D-8CE3-D31A10482005}.Release|Any CPU.ActiveCfg = Release|Any CPU
		{D8ACD681-A5C9-422D-8CE3-D31A10482005}.Release|Any CPU.Build.0 = Release|Any CPU
		{D8ACD681-A5C9-422D-8CE3-D31A10482005}.Release|x64.ActiveCfg = Release|Any CPU
		{D8ACD681-A5C9-422D-8CE3-D31A10482005}.Release|x64.Build.0 = Release|Any CPU
		{D8ACD681-A5C9-422D-8CE3-D31A10482005}.Release|x86.ActiveCfg = Release|Any CPU
		{D8ACD681-A5C9-422D-8CE3-D31A10482005}.Release|x86.Build.0 = Release|Any CPU
		{AE1DF842-C254-4431-8F12-608C056AA14E}.Debug|Any CPU.ActiveCfg = Debug|Any CPU
		{AE1DF842-C254-4431-8F12-608C056AA14E}.Debug|Any CPU.Build.0 = Debug|Any CPU
		{AE1DF842-C254-4431-8F12-608C056AA14E}.Debug|x64.ActiveCfg = Debug|Any CPU
		{AE1DF842-C254-4431-8F12-608C056AA14E}.Debug|x64.Build.0 = Debug|Any CPU
		{AE1DF842-C254-4431-8F12-608C056AA14E}.Debug|x86.ActiveCfg = Debug|Any CPU
		{AE1DF842-C254-4431-8F12-608C056AA14E}.Debug|x86.Build.0 = Debug|Any CPU
		{AE1DF842-C254-4431-8F12-608C056AA14E}.Release|Any CPU.ActiveCfg = Release|Any CPU
		{AE1DF842-C254-4431-8F12-608C056AA14E}.Release|Any CPU.Build.0 = Release|Any CPU
		{AE1DF842-C254-4431-8F12-608C056AA14E}.Release|x64.ActiveCfg = Release|Any CPU
		{AE1DF842-C254-4431-8F12-608C056AA14E}.Release|x64.Build.0 = Release|Any CPU
		{AE1DF842-C254-4431-8F12-608C056AA14E}.Release|x86.ActiveCfg = Release|Any CPU
		{AE1DF842-C254-4431-8F12-608C056AA14E}.Release|x86.Build.0 = Release|Any CPU
		{D31C2D57-0EC0-4831-BF44-CA693CF0546E}.Debug|Any CPU.ActiveCfg = Debug|Any CPU
		{D31C2D57-0EC0-4831-BF44-CA693CF0546E}.Debug|Any CPU.Build.0 = Debug|Any CPU
		{D31C2D57-0EC0-4831-BF44-CA693CF0546E}.Debug|x64.ActiveCfg = Debug|Any CPU
		{D31C2D57-0EC0-4831-BF44-CA693CF0546E}.Debug|x64.Build.0 = Debug|Any CPU
		{D31C2D57-0EC0-4831-BF44-CA693CF0546E}.Debug|x86.ActiveCfg = Debug|Any CPU
		{D31C2D57-0EC0-4831-BF44-CA693CF0546E}.Debug|x86.Build.0 = Debug|Any CPU
		{D31C2D57-0EC0-4831-BF44-CA693CF0546E}.Release|Any CPU.ActiveCfg = Release|Any CPU
		{D31C2D57-0EC0-4831-BF44-CA693CF0546E}.Release|Any CPU.Build.0 = Release|Any CPU
		{D31C2D57-0EC0-4831-BF44-CA693CF0546E}.Release|x64.ActiveCfg = Release|Any CPU
		{D31C2D57-0EC0-4831-BF44-CA693CF0546E}.Release|x64.Build.0 = Release|Any CPU
		{D31C2D57-0EC0-4831-BF44-CA693CF0546E}.Release|x86.ActiveCfg = Release|Any CPU
		{D31C2D57-0EC0-4831-BF44-CA693CF0546E}.Release|x86.Build.0 = Release|Any CPU
		{8B855AEF-CE33-4063-9C09-75661F0195D0}.Debug|Any CPU.ActiveCfg = Debug|Any CPU
		{8B855AEF-CE33-4063-9C09-75661F0195D0}.Debug|Any CPU.Build.0 = Debug|Any CPU
		{8B855AEF-CE33-4063-9C09-75661F0195D0}.Debug|x64.ActiveCfg = Debug|Any CPU
		{8B855AEF-CE33-4063-9C09-75661F0195D0}.Debug|x64.Build.0 = Debug|Any CPU
		{8B855AEF-CE33-4063-9C09-75661F0195D0}.Debug|x86.ActiveCfg = Debug|Any CPU
		{8B855AEF-CE33-4063-9C09-75661F0195D0}.Debug|x86.Build.0 = Debug|Any CPU
		{8B855AEF-CE33-4063-9C09-75661F0195D0}.Release|Any CPU.ActiveCfg = Release|Any CPU
		{8B855AEF-CE33-4063-9C09-75661F0195D0}.Release|Any CPU.Build.0 = Release|Any CPU
		{8B855AEF-CE33-4063-9C09-75661F0195D0}.Release|x64.ActiveCfg = Release|Any CPU
		{8B855AEF-CE33-4063-9C09-75661F0195D0}.Release|x64.Build.0 = Release|Any CPU
		{8B855AEF-CE33-4063-9C09-75661F0195D0}.Release|x86.ActiveCfg = Release|Any CPU
		{8B855AEF-CE33-4063-9C09-75661F0195D0}.Release|x86.Build.0 = Release|Any CPU
		{9E677FBA-C163-46EA-B1E1-B0C3EA17FC35}.Debug|Any CPU.ActiveCfg = Debug|Any CPU
		{9E677FBA-C163-46EA-B1E1-B0C3EA17FC35}.Debug|Any CPU.Build.0 = Debug|Any CPU
		{9E677FBA-C163-46EA-B1E1-B0C3EA17FC35}.Debug|x64.ActiveCfg = Debug|Any CPU
		{9E677FBA-C163-46EA-B1E1-B0C3EA17FC35}.Debug|x64.Build.0 = Debug|Any CPU
		{9E677FBA-C163-46EA-B1E1-B0C3EA17FC35}.Debug|x86.ActiveCfg = Debug|Any CPU
		{9E677FBA-C163-46EA-B1E1-B0C3EA17FC35}.Debug|x86.Build.0 = Debug|Any CPU
		{9E677FBA-C163-46EA-B1E1-B0C3EA17FC35}.Release|Any CPU.ActiveCfg = Release|Any CPU
		{9E677FBA-C163-46EA-B1E1-B0C3EA17FC35}.Release|Any CPU.Build.0 = Release|Any CPU
		{9E677FBA-C163-46EA-B1E1-B0C3EA17FC35}.Release|x64.ActiveCfg = Release|Any CPU
		{9E677FBA-C163-46EA-B1E1-B0C3EA17FC35}.Release|x64.Build.0 = Release|Any CPU
		{9E677FBA-C163-46EA-B1E1-B0C3EA17FC35}.Release|x86.ActiveCfg = Release|Any CPU
		{9E677FBA-C163-46EA-B1E1-B0C3EA17FC35}.Release|x86.Build.0 = Release|Any CPU
		{08C87F3B-0E37-45FE-9733-3CCDDA3378F8}.Debug|Any CPU.ActiveCfg = Debug|Any CPU
		{08C87F3B-0E37-45FE-9733-3CCDDA3378F8}.Debug|Any CPU.Build.0 = Debug|Any CPU
		{08C87F3B-0E37-45FE-9733-3CCDDA3378F8}.Debug|x64.ActiveCfg = Debug|Any CPU
		{08C87F3B-0E37-45FE-9733-3CCDDA3378F8}.Debug|x64.Build.0 = Debug|Any CPU
		{08C87F3B-0E37-45FE-9733-3CCDDA3378F8}.Debug|x86.ActiveCfg = Debug|Any CPU
		{08C87F3B-0E37-45FE-9733-3CCDDA3378F8}.Debug|x86.Build.0 = Debug|Any CPU
		{08C87F3B-0E37-45FE-9733-3CCDDA3378F8}.Release|Any CPU.ActiveCfg = Release|Any CPU
		{08C87F3B-0E37-45FE-9733-3CCDDA3378F8}.Release|Any CPU.Build.0 = Release|Any CPU
		{08C87F3B-0E37-45FE-9733-3CCDDA3378F8}.Release|x64.ActiveCfg = Release|Any CPU
		{08C87F3B-0E37-45FE-9733-3CCDDA3378F8}.Release|x64.Build.0 = Release|Any CPU
		{08C87F3B-0E37-45FE-9733-3CCDDA3378F8}.Release|x86.ActiveCfg = Release|Any CPU
		{08C87F3B-0E37-45FE-9733-3CCDDA3378F8}.Release|x86.Build.0 = Release|Any CPU
	EndGlobalSection
	GlobalSection(SolutionProperties) = preSolution
		HideSolutionNode = FALSE
	EndGlobalSection
	GlobalSection(ExtensibilityGlobals) = postSolution
		SolutionGuid = {2D908AC1-1D81-4F69-B220-9E7CD0AD4CC1}
	EndGlobalSection
EndGlobal
